
Microsoft Visual Studio Solution File, Format Version 12.00
# Visual Studio Version 17
VisualStudioVersion = 17.8.34330.188
MinimumVisualStudioVersion = 10.0.40219.1
Project("{FAE04EC0-301F-11D3-BF4B-00C04F79EFBC}") = "NUnit Selenium VVS", "NUnit Selenium VVS\NUnit Selenium VVS.csproj", "{BA525EC2-0BA9-4DFB-8C44-E6C703E5EE94}"
EndProject
Global
	GlobalSection(SolutionConfigurationPlatforms) = preSolution
		Debug|Any CPU = Debug|Any CPU
		Release|Any CPU = Release|Any CPU
	EndGlobalSection
	GlobalSection(ProjectConfigurationPlatforms) = postSolution
		{BA525EC2-0BA9-4DFB-8C44-E6C703E5EE94}.Debug|Any CPU.ActiveCfg = Debug|Any CPU
		{BA525EC2-0BA9-4DFB-8C44-E6C703E5EE94}.Debug|Any CPU.Build.0 = Debug|Any CPU
		{BA525EC2-0BA9-4DFB-8C44-E6C703E5EE94}.Release|Any CPU.ActiveCfg = Release|Any CPU
		{BA525EC2-0BA9-4DFB-8C44-E6C703E5EE94}.Release|Any CPU.Build.0 = Release|Any CPU
	EndGlobalSection
	GlobalSection(SolutionProperties) = preSolution
		HideSolutionNode = FALSE
	EndGlobalSection
	GlobalSection(ExtensibilityGlobals) = postSolution
		SolutionGuid = {B6BD0DE5-83FD-42C1-9EB5-9CB3899C3619}
	EndGlobalSection
EndGlobal
